
Microsoft Visual Studio Solution File, Format Version 12.00
# Visual Studio Version 17
VisualStudioVersion = 17.5.33627.172
MinimumVisualStudioVersion = 10.0.40219.1
Project("{FAE04EC0-301F-11D3-BF4B-00C04F79EFBC}") = "Ukesoppgaveuke2", "Ukesoppgaveuke2\Ukesoppgaveuke2.csproj", "{78935391-B2A4-4693-9F04-F011011F7445}"
EndProject
Global
	GlobalSection(SolutionConfigurationPlatforms) = preSolution
		Debug|Any CPU = Debug|Any CPU
		Release|Any CPU = Release|Any CPU
	EndGlobalSection
	GlobalSection(ProjectConfigurationPlatforms) = postSolution
		{78935391-B2A4-4693-9F04-F011011F7445}.Debug|Any CPU.ActiveCfg = Debug|Any CPU
		{78935391-B2A4-4693-9F04-F011011F7445}.Debug|Any CPU.Build.0 = Debug|Any CPU
		{78935391-B2A4-4693-9F04-F011011F7445}.Release|Any CPU.ActiveCfg = Release|Any CPU
		{78935391-B2A4-4693-9F04-F011011F7445}.Release|Any CPU.Build.0 = Release|Any CPU
	EndGlobalSection
	GlobalSection(SolutionProperties) = preSolution
		HideSolutionNode = FALSE
	EndGlobalSection
	GlobalSection(ExtensibilityGlobals) = postSolution
		SolutionGuid = {21BB15E0-9037-406C-B8A8-4CA02C5ACF7F}
	EndGlobalSection
EndGlobal
